// !$*UTF8*$!
{
	archiveVersion = 1;
	classes = {
	};
	objectVersion = 56;
	objects = {

/* Begin PBXBuildFile section */
		637B3E3F2AA87FE900923DB8 /* PersistanceVewModel.swift in Sources */ = {isa = PBXBuildFile; fileRef = 637B3E3E2AA87FE900923DB8 /* PersistanceVewModel.swift */; };
		637B3E442AA88A4800923DB8 /* FactViewModel.swift in Sources */ = {isa = PBXBuildFile; fileRef = 637B3E432AA88A4800923DB8 /* FactViewModel.swift */; };
		637B3E462AA8D6FC00923DB8 /* FactView.swift in Sources */ = {isa = PBXBuildFile; fileRef = 637B3E452AA8D6FC00923DB8 /* FactView.swift */; };
		637B3E482AA8D77400923DB8 /* MainView.swift in Sources */ = {isa = PBXBuildFile; fileRef = 637B3E472AA8D77400923DB8 /* MainView.swift */; };
		63A4F0292AA8761700DC2FBF /* Tab_testApp.swift in Sources */ = {isa = PBXBuildFile; fileRef = 63A4F0282AA8761700DC2FBF /* Tab_testApp.swift */; };
		63A4F02B2AA8761700DC2FBF /* PersistanceView.swift in Sources */ = {isa = PBXBuildFile; fileRef = 63A4F02A2AA8761700DC2FBF /* PersistanceView.swift */; };
		63A4F02D2AA8761C00DC2FBF /* Assets.xcassets in Resources */ = {isa = PBXBuildFile; fileRef = 63A4F02C2AA8761C00DC2FBF /* Assets.xcassets */; };
		63A4F0302AA8761C00DC2FBF /* Preview Assets.xcassets in Resources */ = {isa = PBXBuildFile; fileRef = 63A4F02F2AA8761C00DC2FBF /* Preview Assets.xcassets */; };
		63A4F0382AA8762900DC2FBF /* Main.xcdatamodeld in Sources */ = {isa = PBXBuildFile; fileRef = 63A4F0362AA8762900DC2FBF /* Main.xcdatamodeld */; };
		63A4F03A2AA8765A00DC2FBF /* DataController.swift in Sources */ = {isa = PBXBuildFile; fileRef = 63A4F0392AA8765A00DC2FBF /* DataController.swift */; };
		63B386E12AA9E9E700C59CE4 /* GestureWebView.swift in Sources */ = {isa = PBXBuildFile; fileRef = 63B386E02AA9E9E700C59CE4 /* GestureWebView.swift */; };
		63B386E32AA9EA3300C59CE4 /* WebView.swift in Sources */ = {isa = PBXBuildFile; fileRef = 63B386E22AA9EA3300C59CE4 /* WebView.swift */; };
		63B386E62AA9F09E00C59CE4 /* Constants.swift in Sources */ = {isa = PBXBuildFile; fileRef = 63B386E52AA9F09E00C59CE4 /* Constants.swift */; };
		63B386E82AA9F10600C59CE4 /* ButtonView.swift in Sources */ = {isa = PBXBuildFile; fileRef = 63B386E72AA9F10600C59CE4 /* ButtonView.swift */; };
/* End PBXBuildFile section */

/* Begin PBXFileReference section */
		637B3E3E2AA87FE900923DB8 /* PersistanceVewModel.swift */ = {isa = PBXFileReference; lastKnownFileType = sourcecode.swift; path = PersistanceVewModel.swift; sourceTree = "<group>"; };
		637B3E432AA88A4800923DB8 /* FactViewModel.swift */ = {isa = PBXFileReference; lastKnownFileType = sourcecode.swift; path = FactViewModel.swift; sourceTree = "<group>"; };
		637B3E452AA8D6FC00923DB8 /* FactView.swift */ = {isa = PBXFileReference; lastKnownFileType = sourcecode.swift; path = FactView.swift; sourceTree = "<group>"; };
		637B3E472AA8D77400923DB8 /* MainView.swift */ = {isa = PBXFileReference; lastKnownFileType = sourcecode.swift; path = MainView.swift; sourceTree = "<group>"; };
		63A4F0252AA8761700DC2FBF /* Tab-test.app */ = {isa = PBXFileReference; explicitFileType = wrapper.application; includeInIndex = 0; path = "Tab-test.app"; sourceTree = BUILT_PRODUCTS_DIR; };
		63A4F0282AA8761700DC2FBF /* Tab_testApp.swift */ = {isa = PBXFileReference; lastKnownFileType = sourcecode.swift; path = Tab_testApp.swift; sourceTree = "<group>"; };
		63A4F02A2AA8761700DC2FBF /* PersistanceView.swift */ = {isa = PBXFileReference; lastKnownFileType = sourcecode.swift; path = PersistanceView.swift; sourceTree = "<group>"; };
		63A4F02C2AA8761C00DC2FBF /* Assets.xcassets */ = {isa = PBXFileReference; lastKnownFileType = folder.assetcatalog; path = Assets.xcassets; sourceTree = "<group>"; };
		63A4F02F2AA8761C00DC2FBF /* Preview Assets.xcassets */ = {isa = PBXFileReference; lastKnownFileType = folder.assetcatalog; path = "Preview Assets.xcassets"; sourceTree = "<group>"; };
		63A4F0372AA8762900DC2FBF /* Main.xcdatamodel */ = {isa = PBXFileReference; lastKnownFileType = wrapper.xcdatamodel; path = Main.xcdatamodel; sourceTree = "<group>"; };
		63A4F0392AA8765A00DC2FBF /* DataController.swift */ = {isa = PBXFileReference; lastKnownFileType = sourcecode.swift; path = DataController.swift; sourceTree = "<group>"; };
		63B386E02AA9E9E700C59CE4 /* GestureWebView.swift */ = {isa = PBXFileReference; lastKnownFileType = sourcecode.swift; path = GestureWebView.swift; sourceTree = "<group>"; };
		63B386E22AA9EA3300C59CE4 /* WebView.swift */ = {isa = PBXFileReference; lastKnownFileType = sourcecode.swift; path = WebView.swift; sourceTree = "<group>"; };
		63B386E52AA9F09E00C59CE4 /* Constants.swift */ = {isa = PBXFileReference; lastKnownFileType = sourcecode.swift; path = Constants.swift; sourceTree = "<group>"; };
		63B386E72AA9F10600C59CE4 /* ButtonView.swift */ = {isa = PBXFileReference; lastKnownFileType = sourcecode.swift; path = ButtonView.swift; sourceTree = "<group>"; };
/* End PBXFileReference section */

/* Begin PBXFrameworksBuildPhase section */
		63A4F0222AA8761700DC2FBF /* Frameworks */ = {
			isa = PBXFrameworksBuildPhase;
			buildActionMask = 2147483647;
			files = (
			);
			runOnlyForDeploymentPostprocessing = 0;
		};
/* End PBXFrameworksBuildPhase section */

/* Begin PBXGroup section */
		637B3E402AA8897400923DB8 /* Model */ = {
			isa = PBXGroup;
			children = (
				63A4F0392AA8765A00DC2FBF /* DataController.swift */,
			);
			path = Model;
			sourceTree = "<group>";
		};
		637B3E412AA8897B00923DB8 /* Views */ = {
			isa = PBXGroup;
			children = (
				637B3E472AA8D77400923DB8 /* MainView.swift */,
				63A4F02A2AA8761700DC2FBF /* PersistanceView.swift */,
				637B3E452AA8D6FC00923DB8 /* FactView.swift */,
				63B386E02AA9E9E700C59CE4 /* GestureWebView.swift */,
				63B386E72AA9F10600C59CE4 /* ButtonView.swift */,
			);
			path = Views;
			sourceTree = "<group>";
		};
		637B3E422AA8898500923DB8 /* View Models */ = {
			isa = PBXGroup;
			children = (
				637B3E3E2AA87FE900923DB8 /* PersistanceVewModel.swift */,
				637B3E432AA88A4800923DB8 /* FactViewModel.swift */,
			);
			path = "View Models";
			sourceTree = "<group>";
		};
		63A4F01C2AA8761700DC2FBF = {
			isa = PBXGroup;
			children = (
				63A4F0272AA8761700DC2FBF /* Tab-test */,
				63A4F0262AA8761700DC2FBF /* Products */,
			);
			sourceTree = "<group>";
		};
		63A4F0262AA8761700DC2FBF /* Products */ = {
			isa = PBXGroup;
			children = (
				63A4F0252AA8761700DC2FBF /* Tab-test.app */,
			);
			name = Products;
			sourceTree = "<group>";
		};
		63A4F0272AA8761700DC2FBF /* Tab-test */ = {
			isa = PBXGroup;
			children = (
				637B3E402AA8897400923DB8 /* Model */,
				637B3E412AA8897B00923DB8 /* Views */,
				637B3E422AA8898500923DB8 /* View Models */,
				63B386E42AA9F04C00C59CE4 /* Components */,
				63A4F0282AA8761700DC2FBF /* Tab_testApp.swift */,
				63A4F02C2AA8761C00DC2FBF /* Assets.xcassets */,
				63A4F02E2AA8761C00DC2FBF /* Preview Content */,
				63A4F0362AA8762900DC2FBF /* Main.xcdatamodeld */,
				63B386E52AA9F09E00C59CE4 /* Constants.swift */,
			);
			path = "Tab-test";
			sourceTree = "<group>";
		};
		63A4F02E2AA8761C00DC2FBF /* Preview Content */ = {
			isa = PBXGroup;
			children = (
				63A4F02F2AA8761C00DC2FBF /* Preview Assets.xcassets */,
			);
			path = "Preview Content";
			sourceTree = "<group>";
		};
		63B386E42AA9F04C00C59CE4 /* Components */ = {
			isa = PBXGroup;
			children = (
				63B386E22AA9EA3300C59CE4 /* WebView.swift */,
			);
			path = Components;
			sourceTree = "<group>";
		};
/* End PBXGroup section */

/* Begin PBXNativeTarget section */
		63A4F0242AA8761700DC2FBF /* Tab-test */ = {
			isa = PBXNativeTarget;
			buildConfigurationList = 63A4F0332AA8761C00DC2FBF /* Build configuration list for PBXNativeTarget "Tab-test" */;
			buildPhases = (
				63A4F0212AA8761700DC2FBF /* Sources */,
				63A4F0222AA8761700DC2FBF /* Frameworks */,
				63A4F0232AA8761700DC2FBF /* Resources */,
			);
			buildRules = (
			);
			dependencies = (
			);
			name = "Tab-test";
			productName = "Tab-test";
			productReference = 63A4F0252AA8761700DC2FBF /* Tab-test.app */;
			productType = "com.apple.product-type.application";
		};
/* End PBXNativeTarget section */

/* Begin PBXProject section */
		63A4F01D2AA8761700DC2FBF /* Project object */ = {
			isa = PBXProject;
			attributes = {
				BuildIndependentTargetsInParallel = 1;
				LastSwiftUpdateCheck = 1500;
				LastUpgradeCheck = 1500;
				TargetAttributes = {
					63A4F0242AA8761700DC2FBF = {
						CreatedOnToolsVersion = 15.0;
					};
				};
			};
			buildConfigurationList = 63A4F0202AA8761700DC2FBF /* Build configuration list for PBXProject "Tab-test" */;
			compatibilityVersion = "Xcode 14.0";
			developmentRegion = en;
			hasScannedForEncodings = 0;
			knownRegions = (
				en,
				Base,
			);
			mainGroup = 63A4F01C2AA8761700DC2FBF;
			productRefGroup = 63A4F0262AA8761700DC2FBF /* Products */;
			projectDirPath = "";
			projectRoot = "";
			targets = (
				63A4F0242AA8761700DC2FBF /* Tab-test */,
			);
		};
/* End PBXProject section */

/* Begin PBXResourcesBuildPhase section */
		63A4F0232AA8761700DC2FBF /* Resources */ = {
			isa = PBXResourcesBuildPhase;
			buildActionMask = 2147483647;
			files = (
				63A4F0302AA8761C00DC2FBF /* Preview Assets.xcassets in Resources */,
				63A4F02D2AA8761C00DC2FBF /* Assets.xcassets in Resources */,
			);
			runOnlyForDeploymentPostprocessing = 0;
		};
/* End PBXResourcesBuildPhase section */

/* Begin PBXSourcesBuildPhase section */
		63A4F0212AA8761700DC2FBF /* Sources */ = {
			isa = PBXSourcesBuildPhase;
			buildActionMask = 2147483647;
			files = (
				637B3E3F2AA87FE900923DB8 /* PersistanceVewModel.swift in Sources */,
				63B386E62AA9F09E00C59CE4 /* Constants.swift in Sources */,
				63B386E82AA9F10600C59CE4 /* ButtonView.swift in Sources */,
				637B3E482AA8D77400923DB8 /* MainView.swift in Sources */,
				63A4F0382AA8762900DC2FBF /* Main.xcdatamodeld in Sources */,
				637B3E442AA88A4800923DB8 /* FactViewModel.swift in Sources */,
				63A4F03A2AA8765A00DC2FBF /* DataController.swift in Sources */,
				63B386E32AA9EA3300C59CE4 /* WebView.swift in Sources */,
				63A4F02B2AA8761700DC2FBF /* PersistanceView.swift in Sources */,
				63B386E12AA9E9E700C59CE4 /* GestureWebView.swift in Sources */,
				63A4F0292AA8761700DC2FBF /* Tab_testApp.swift in Sources */,
				637B3E462AA8D6FC00923DB8 /* FactView.swift in Sources */,
			);
			runOnlyForDeploymentPostprocessing = 0;
		};
/* End PBXSourcesBuildPhase section */

/* Begin XCBuildConfiguration section */
		63A4F0312AA8761C00DC2FBF /* Debug */ = {
			isa = XCBuildConfiguration;
			buildSettings = {
				ALWAYS_SEARCH_USER_PATHS = NO;
				ASSETCATALOG_COMPILER_GENERATE_SWIFT_ASSET_SYMBOL_EXTENSIONS = YES;
				CLANG_ANALYZER_NONNULL = YES;
				CLANG_ANALYZER_NUMBER_OBJECT_CONVERSION = YES_AGGRESSIVE;
				CLANG_CXX_LANGUAGE_STANDARD = "gnu++20";
				CLANG_ENABLE_MODULES = YES;
				CLANG_ENABLE_OBJC_ARC = YES;
				CLANG_ENABLE_OBJC_WEAK = YES;
				CLANG_WARN_BLOCK_CAPTURE_AUTORELEASING = YES;
				CLANG_WARN_BOOL_CONVERSION = YES;
				CLANG_WARN_COMMA = YES;
				CLANG_WARN_CONSTANT_CONVERSION = YES;
				CLANG_WARN_DEPRECATED_OBJC_IMPLEMENTATIONS = YES;
				CLANG_WARN_DIRECT_OBJC_ISA_USAGE = YES_ERROR;
				CLANG_WARN_DOCUMENTATION_COMMENTS = YES;
				CLANG_WARN_EMPTY_BODY = YES;
				CLANG_WARN_ENUM_CONVERSION = YES;
				CLANG_WARN_INFINITE_RECURSION = YES;
				CLANG_WARN_INT_CONVERSION = YES;
				CLANG_WARN_NON_LITERAL_NULL_CONVERSION = YES;
				CLANG_WARN_OBJC_IMPLICIT_RETAIN_SELF = YES;
				CLANG_WARN_OBJC_LITERAL_CONVERSION = YES;
				CLANG_WARN_OBJC_ROOT_CLASS = YES_ERROR;
				CLANG_WARN_QUOTED_INCLUDE_IN_FRAMEWORK_HEADER = YES;
				CLANG_WARN_RANGE_LOOP_ANALYSIS = YES;
				CLANG_WARN_STRICT_PROTOTYPES = YES;
				CLANG_WARN_SUSPICIOUS_MOVE = YES;
				CLANG_WARN_UNGUARDED_AVAILABILITY = YES_AGGRESSIVE;
				CLANG_WARN_UNREACHABLE_CODE = YES;
				CLANG_WARN__DUPLICATE_METHOD_MATCH = YES;
				COPY_PHASE_STRIP = NO;
				DEBUG_INFORMATION_FORMAT = dwarf;
				ENABLE_STRICT_OBJC_MSGSEND = YES;
				ENABLE_TESTABILITY = YES;
				ENABLE_USER_SCRIPT_SANDBOXING = YES;
				GCC_C_LANGUAGE_STANDARD = gnu17;
				GCC_DYNAMIC_NO_PIC = NO;
				GCC_NO_COMMON_BLOCKS = YES;
				GCC_OPTIMIZATION_LEVEL = 0;
				GCC_PREPROCESSOR_DEFINITIONS = (
					"DEBUG=1",
					"$(inherited)",
				);
				GCC_WARN_64_TO_32_BIT_CONVERSION = YES;
				GCC_WARN_ABOUT_RETURN_TYPE = YES_ERROR;
				GCC_WARN_UNDECLARED_SELECTOR = YES;
				GCC_WARN_UNINITIALIZED_AUTOS = YES_AGGRESSIVE;
				GCC_WARN_UNUSED_FUNCTION = YES;
				GCC_WARN_UNUSED_VARIABLE = YES;
				IPHONEOS_DEPLOYMENT_TARGET = 17.0;
				LOCALIZATION_PREFERS_STRING_CATALOGS = YES;
				MTL_ENABLE_DEBUG_INFO = INCLUDE_SOURCE;
				MTL_FAST_MATH = YES;
				ONLY_ACTIVE_ARCH = YES;
				SDKROOT = iphoneos;
				SWIFT_ACTIVE_COMPILATION_CONDITIONS = "DEBUG $(inherited)";
				SWIFT_OPTIMIZATION_LEVEL = "-Onone";
			};
			name = Debug;
		};
		63A4F0322AA8761C00DC2FBF /* Release */ = {
			isa = XCBuildConfiguration;
			buildSettings = {
				ALWAYS_SEARCH_USER_PATHS = NO;
				ASSETCATALOG_COMPILER_GENERATE_SWIFT_ASSET_SYMBOL_EXTENSIONS = YES;
				CLANG_ANALYZER_NONNULL = YES;
				CLANG_ANALYZER_NUMBER_OBJECT_CONVERSION = YES_AGGRESSIVE;
				CLANG_CXX_LANGUAGE_STANDARD = "gnu++20";
				CLANG_ENABLE_MODULES = YES;
				CLANG_ENABLE_OBJC_ARC = YES;
				CLANG_ENABLE_OBJC_WEAK = YES;
				CLANG_WARN_BLOCK_CAPTURE_AUTORELEASING = YES;
				CLANG_WARN_BOOL_CONVERSION = YES;
				CLANG_WARN_COMMA = YES;
				CLANG_WARN_CONSTANT_CONVERSION = YES;
				CLANG_WARN_DEPRECATED_OBJC_IMPLEMENTATIONS = YES;
				CLANG_WARN_DIRECT_OBJC_ISA_USAGE = YES_ERROR;
				CLANG_WARN_DOCUMENTATION_COMMENTS = YES;
				CLANG_WARN_EMPTY_BODY = YES;
				CLANG_WARN_ENUM_CONVERSION = YES;
				CLANG_WARN_INFINITE_RECURSION = YES;
				CLANG_WARN_INT_CONVERSION = YES;
				CLANG_WARN_NON_LITERAL_NULL_CONVERSION = YES;
				CLANG_WARN_OBJC_IMPLICIT_RETAIN_SELF = YES;
				CLANG_WARN_OBJC_LITERAL_CONVERSION = YES;
				CLANG_WARN_OBJC_ROOT_CLASS = YES_ERROR;
				CLANG_WARN_QUOTED_INCLUDE_IN_FRAMEWORK_HEADER = YES;
				CLANG_WARN_RANGE_LOOP_ANALYSIS = YES;
				CLANG_WARN_STRICT_PROTOTYPES = YES;
				CLANG_WARN_SUSPICIOUS_MOVE = YES;
				CLANG_WARN_UNGUARDED_AVAILABILITY = YES_AGGRESSIVE;
				CLANG_WARN_UNREACHABLE_CODE = YES;
				CLANG_WARN__DUPLICATE_METHOD_MATCH = YES;
				COPY_PHASE_STRIP = NO;
				DEBUG_INFORMATION_FORMAT = "dwarf-with-dsym";
				ENABLE_NS_ASSERTIONS = NO;
				ENABLE_STRICT_OBJC_MSGSEND = YES;
				ENABLE_USER_SCRIPT_SANDBOXING = YES;
				GCC_C_LANGUAGE_STANDARD = gnu17;
				GCC_NO_COMMON_BLOCKS = YES;
				GCC_WARN_64_TO_32_BIT_CONVERSION = YES;
				GCC_WARN_ABOUT_RETURN_TYPE = YES_ERROR;
				GCC_WARN_UNDECLARED_SELECTOR = YES;
				GCC_WARN_UNINITIALIZED_AUTOS = YES_AGGRESSIVE;
				GCC_WARN_UNUSED_FUNCTION = YES;
				GCC_WARN_UNUSED_VARIABLE = YES;
				IPHONEOS_DEPLOYMENT_TARGET = 17.0;
				LOCALIZATION_PREFERS_STRING_CATALOGS = YES;
				MTL_ENABLE_DEBUG_INFO = NO;
				MTL_FAST_MATH = YES;
				SDKROOT = iphoneos;
				SWIFT_COMPILATION_MODE = wholemodule;
				VALIDATE_PRODUCT = YES;
			};
			name = Release;
		};
		63A4F0342AA8761C00DC2FBF /* Debug */ = {
			isa = XCBuildConfiguration;
			buildSettings = {
				ASSETCATALOG_COMPILER_APPICON_NAME = AppIcon;
				ASSETCATALOG_COMPILER_GLOBAL_ACCENT_COLOR_NAME = AccentColor;
				CODE_SIGN_STYLE = Automatic;
				CURRENT_PROJECT_VERSION = 1;
				DEVELOPMENT_ASSET_PATHS = "\"Tab-test/Preview Content\"";
				DEVELOPMENT_TEAM = LJT5NUTV34;
				ENABLE_PREVIEWS = YES;
				GENERATE_INFOPLIST_FILE = YES;
				INFOPLIST_KEY_UIApplicationSceneManifest_Generation = YES;
				INFOPLIST_KEY_UIApplicationSupportsIndirectInputEvents = YES;
				INFOPLIST_KEY_UILaunchScreen_Generation = YES;
				INFOPLIST_KEY_UISupportedInterfaceOrientations_iPad = "UIInterfaceOrientationPortrait UIInterfaceOrientationPortraitUpsideDown UIInterfaceOrientationLandscapeLeft UIInterfaceOrientationLandscapeRight";
				INFOPLIST_KEY_UISupportedInterfaceOrientations_iPhone = "UIInterfaceOrientationPortrait UIInterfaceOrientationLandscapeLeft UIInterfaceOrientationLandscapeRight";
				LD_RUNPATH_SEARCH_PATHS = (
					"$(inherited)",
					"@executable_path/Frameworks",
				);
				MARKETING_VERSION = 1.0;
				PRODUCT_BUNDLE_IDENTIFIER = "com.sphinx04.Tab-test";
				PRODUCT_NAME = "$(TARGET_NAME)";
				SWIFT_EMIT_LOC_STRINGS = YES;
				SWIFT_VERSION = 5.0;
				TARGETED_DEVICE_FAMILY = "1,2";
			};
			name = Debug;
		};
		63A4F0352AA8761C00DC2FBF /* Release */ = {
			isa = XCBuildConfiguration;
			buildSettings = {
				ASSETCATALOG_COMPILER_APPICON_NAME = AppIcon;
				ASSETCATALOG_COMPILER_GLOBAL_ACCENT_COLOR_NAME = AccentColor;
				CODE_SIGN_STYLE = Automatic;
				CURRENT_PROJECT_VERSION = 1;
				DEVELOPMENT_ASSET_PATHS = "\"Tab-test/Preview Content\"";
				DEVELOPMENT_TEAM = LJT5NUTV34;
				ENABLE_PREVIEWS = YES;
				GENERATE_INFOPLIST_FILE = YES;
				INFOPLIST_KEY_UIApplicationSceneManifest_Generation = YES;
				INFOPLIST_KEY_UIApplicationSupportsIndirectInputEvents = YES;
				INFOPLIST_KEY_UILaunchScreen_Generation = YES;
				INFOPLIST_KEY_UISupportedInterfaceOrientations_iPad = "UIInterfaceOrientationPortrait UIInterfaceOrientationPortraitUpsideDown UIInterfaceOrientationLandscapeLeft UIInterfaceOrientationLandscapeRight";
				INFOPLIST_KEY_UISupportedInterfaceOrientations_iPhone = "UIInterfaceOrientationPortrait UIInterfaceOrientationLandscapeLeft UIInterfaceOrientationLandscapeRight";
				LD_RUNPATH_SEARCH_PATHS = (
					"$(inherited)",
					"@executable_path/Frameworks",
				);
				MARKETING_VERSION = 1.0;
				PRODUCT_BUNDLE_IDENTIFIER = "com.sphinx04.Tab-test";
				PRODUCT_NAME = "$(TARGET_NAME)";
				SWIFT_EMIT_LOC_STRINGS = YES;
				SWIFT_VERSION = 5.0;
				TARGETED_DEVICE_FAMILY = "1,2";
			};
			name = Release;
		};
/* End XCBuildConfiguration section */

/* Begin XCConfigurationList section */
		63A4F0202AA8761700DC2FBF /* Build configuration list for PBXProject "Tab-test" */ = {
			isa = XCConfigurationList;
			buildConfigurations = (
				63A4F0312AA8761C00DC2FBF /* Debug */,
				63A4F0322AA8761C00DC2FBF /* Release */,
			);
			defaultConfigurationIsVisible = 0;
			defaultConfigurationName = Release;
		};
		63A4F0332AA8761C00DC2FBF /* Build configuration list for PBXNativeTarget "Tab-test" */ = {
			isa = XCConfigurationList;
			buildConfigurations = (
				63A4F0342AA8761C00DC2FBF /* Debug */,
				63A4F0352AA8761C00DC2FBF /* Release */,
			);
			defaultConfigurationIsVisible = 0;
			defaultConfigurationName = Release;
		};
/* End XCConfigurationList section */

/* Begin XCVersionGroup section */
		63A4F0362AA8762900DC2FBF /* Main.xcdatamodeld */ = {
			isa = XCVersionGroup;
			children = (
				63A4F0372AA8762900DC2FBF /* Main.xcdatamodel */,
			);
			currentVersion = 63A4F0372AA8762900DC2FBF /* Main.xcdatamodel */;
			path = Main.xcdatamodeld;
			sourceTree = "<group>";
			versionGroupType = wrapper.xcdatamodel;
		};
/* End XCVersionGroup section */
	};
	rootObject = 63A4F01D2AA8761700DC2FBF /* Project object */;
}
